Microsoft Visual Studio Solution File, Format Version 12.00
# Visual Studio Version 17
VisualStudioVersion = 17.5.2.0
MinimumVisualStudioVersion = 10.0.40219.1
Project("{FAE04EC0-301F-11D3-BF4B-00C04F79EFBC}") = "DomesticRenewablesCalculator", "DomesticRenewablesCalculator\DomesticRenewablesCalculator.csproj", "{986AEE1B-F93A-2D42-E5BF-4142E34CC49A}"
EndProject
Global
	GlobalSection(SolutionConfigurationPlatforms) = preSolution
		Debug|Any CPU = Debug|Any CPU
		Release|Any CPU = Release|Any CPU
	EndGlobalSection
	GlobalSection(ProjectConfigurationPlatforms) = postSolution
		{986AEE1B-F93A-2D42-E5BF-4142E34CC49A}.Debug|Any CPU.ActiveCfg = Debug|Any CPU
		{986AEE1B-F93A-2D42-E5BF-4142E34CC49A}.Debug|Any CPU.Build.0 = Debug|Any CPU
		{986AEE1B-F93A-2D42-E5BF-4142E34CC49A}.Release|Any CPU.ActiveCfg = Release|Any CPU
		{986AEE1B-F93A-2D42-E5BF-4142E34CC49A}.Release|Any CPU.Build.0 = Release|Any CPU
	EndGlobalSection
	GlobalSection(SolutionProperties) = preSolution
		HideSolutionNode = FALSE
	EndGlobalSection
	GlobalSection(ExtensibilityGlobals) = postSolution
		SolutionGuid = {19AC71B3-BC1A-4394-966B-5F31746734E5}
	EndGlobalSection
EndGlobal
